
Microsoft Visual Studio Solution File, Format Version 12.00
# Visual Studio 15
VisualStudioVersion = 15.0.34112.143
MinimumVisualStudioVersion = 10.0.40219.1
Project("{FAE04EC0-301F-11D3-BF4B-00C04F79EFBC}") = "MathTaskClassLibrary", "MathTaskClassLibrary\MathTaskClassLibrary.csproj", "{7DEA3DD0-9149-4E91-AF36-ECAC0044431A}"
EndProject
Project("{FAE04EC0-301F-11D3-BF4B-00C04F79EFBC}") = "MathTaskClassLibraryTests", "MathTaskClassLibraryTests\MathTaskClassLibraryTests.csproj", "{A789B6E3-29CE-49A4-90B3-B2FB9992E239}"
EndProject
Project("{FAE04EC0-301F-11D3-BF4B-00C04F79EFBC}") = "QuadraticEquationTest", "QuadraticEquationTest\QuadraticEquationTest.csproj", "{DE3CE979-66CD-45CA-9202-4C89020F704F}"
EndProject
Project("{FAE04EC0-301F-11D3-BF4B-00C04F79EFBC}") = "YearDays", "YearDays\YearDays.csproj", "{34836701-94B4-4D13-8545-F8CC5F6DDFD7}"
EndProject
Project("{FAE04EC0-301F-11D3-BF4B-00C04F79EFBC}") = "EmailCheckTest", "EmailCheckTest\EmailCheckTest.csproj", "{008F4B06-B53B-4FDE-AD15-CCE7F745F995}"
EndProject
Project("{FAE04EC0-301F-11D3-BF4B-00C04F79EFBC}") = "NumberSumTest", "NumberSumTest\NumberSumTest.csproj", "{6C71FC0A-D7F1-44BD-BB5F-FFC7A03D5CB9}"
EndProject
Global
	GlobalSection(SolutionConfigurationPlatforms) = preSolution
		Debug|Any CPU = Debug|Any CPU
		Release|Any CPU = Release|Any CPU
	EndGlobalSection
	GlobalSection(ProjectConfigurationPlatforms) = postSolution
		{7DEA3DD0-9149-4E91-AF36-ECAC0044431A}.Debug|Any CPU.ActiveCfg = Debug|Any CPU
		{7DEA3DD0-9149-4E91-AF36-ECAC0044431A}.Debug|Any CPU.Build.0 = Debug|Any CPU
		{7DEA3DD0-9149-4E91-AF36-ECAC0044431A}.Release|Any CPU.ActiveCfg = Release|Any CPU
		{7DEA3DD0-9149-4E91-AF36-ECAC0044431A}.Release|Any CPU.Build.0 = Release|Any CPU
		{A789B6E3-29CE-49A4-90B3-B2FB9992E239}.Debug|Any CPU.ActiveCfg = Debug|Any CPU
		{A789B6E3-29CE-49A4-90B3-B2FB9992E239}.Debug|Any CPU.Build.0 = Debug|Any CPU
		{A789B6E3-29CE-49A4-90B3-B2FB9992E239}.Release|Any CPU.ActiveCfg = Release|Any CPU
		{A789B6E3-29CE-49A4-90B3-B2FB9992E239}.Release|Any CPU.Build.0 = Release|Any CPU
		{DE3CE979-66CD-45CA-9202-4C89020F704F}.Debug|Any CPU.ActiveCfg = Debug|Any CPU
		{DE3CE979-66CD-45CA-9202-4C89020F704F}.Debug|Any CPU.Build.0 = Debug|Any CPU
		{DE3CE979-66CD-45CA-9202-4C89020F704F}.Release|Any CPU.ActiveCfg = Release|Any CPU
		{DE3CE979-66CD-45CA-9202-4C89020F704F}.Release|Any CPU.Build.0 = Release|Any CPU
		{34836701-94B4-4D13-8545-F8CC5F6DDFD7}.Debug|Any CPU.ActiveCfg = Debug|Any CPU
		{34836701-94B4-4D13-8545-F8CC5F6DDFD7}.Debug|Any CPU.Build.0 = Debug|Any CPU
		{34836701-94B4-4D13-8545-F8CC5F6DDFD7}.Release|Any CPU.ActiveCfg = Release|Any CPU
		{34836701-94B4-4D13-8545-F8CC5F6DDFD7}.Release|Any CPU.Build.0 = Release|Any CPU
		{008F4B06-B53B-4FDE-AD15-CCE7F745F995}.Debug|Any CPU.ActiveCfg = Debug|Any CPU
		{008F4B06-B53B-4FDE-AD15-CCE7F745F995}.Debug|Any CPU.Build.0 = Debug|Any CPU
		{008F4B06-B53B-4FDE-AD15-CCE7F745F995}.Release|Any CPU.ActiveCfg = Release|Any CPU
		{008F4B06-B53B-4FDE-AD15-CCE7F745F995}.Release|Any CPU.Build.0 = Release|Any CPU
		{6C71FC0A-D7F1-44BD-BB5F-FFC7A03D5CB9}.Debug|Any CPU.ActiveCfg = Debug|Any CPU
		{6C71FC0A-D7F1-44BD-BB5F-FFC7A03D5CB9}.Debug|Any CPU.Build.0 = Debug|Any CPU
		{6C71FC0A-D7F1-44BD-BB5F-FFC7A03D5CB9}.Release|Any CPU.ActiveCfg = Release|Any CPU
		{6C71FC0A-D7F1-44BD-BB5F-FFC7A03D5CB9}.Release|Any CPU.Build.0 = Release|Any CPU
	EndGlobalSection
	GlobalSection(SolutionProperties) = preSolution
		HideSolutionNode = FALSE
	EndGlobalSection
	GlobalSection(ExtensibilityGlobals) = postSolution
		SolutionGuid = {FF176482-D4DF-4F61-A089-DF3CB4935191}
	EndGlobalSection
EndGlobal
